// !$*UTF8*$!
{
	archiveVersion = 1;
	classes = {
	};
	objectVersion = 77;
	objects = {

/* Begin PBXContainerItemProxy section */
		5DFC497B2D44ABB900501E2B /* PBXContainerItemProxy */ = {
			isa = PBXContainerItemProxy;
			containerPortal = 5DFC495F2D44ABB800501E2B /* Project object */;
			proxyType = 1;
			remoteGlobalIDString = 5DFC49662D44ABB800501E2B;
			remoteInfo = RunningAppDisplay;
		};
		5DFC49852D44ABB900501E2B /* PBXContainerItemProxy */ = {
			isa = PBXContainerItemProxy;
			containerPortal = 5DFC495F2D44ABB800501E2B /* Project object */;
			proxyType = 1;
			remoteGlobalIDString = 5DFC49662D44ABB800501E2B;
			remoteInfo = RunningAppDisplay;
		};
/* End PBXContainerItemProxy section */

/* Begin PBXFileReference section */
		5DFC49672D44ABB800501E2B /* RunningAppDisplay.app */ = {isa = PBXFileReference; explicitFileType = wrapper.application; includeInIndex = 0; path = RunningAppDisplay.app; sourceTree = BUILT_PRODUCTS_DIR; };
		5DFC497A2D44ABB900501E2B /* RunningAppDisplayTests.xctest */ = {isa = PBXFileReference; explicitFileType = wrapper.cfbundle; includeInIndex = 0; path = RunningAppDisplayTests.xctest; sourceTree = BUILT_PRODUCTS_DIR; };
		5DFC49842D44ABB900501E2B /* RunningAppDisplayUITests.xctest */ = {isa = PBXFileReference; explicitFileType = wrapper.cfbundle; includeInIndex = 0; path = RunningAppDisplayUITests.xctest; sourceTree = BUILT_PRODUCTS_DIR; };
/* End PBXFileReference section */

/* Begin PBXFileSystemSynchronizedRootGroup section */
		5DFC49692D44ABB800501E2B /* RunningAppDisplay */ = {
			isa = PBXFileSystemSynchronizedRootGroup;
			path = RunningAppDisplay;
			sourceTree = "<group>";
		};
		5DFC497D2D44ABB900501E2B /* RunningAppDisplayTests */ = {
			isa = PBXFileSystemSynchronizedRootGroup;
			path = RunningAppDisplayTests;
			sourceTree = "<group>";
		};
		5DFC49872D44ABB900501E2B /* RunningAppDisplayUITests */ = {
			isa = PBXFileSystemSynchronizedRootGroup;
			path = RunningAppDisplayUITests;
			sourceTree = "<group>";
		};
/* End PBXFileSystemSynchronizedRootGroup section */

/* Begin PBXFrameworksBuildPhase section */
		5DFC49642D44ABB800501E2B /* Frameworks */ = {
			isa = PBXFrameworksBuildPhase;
			buildActionMask = 2147483647;
			files = (
			);
			runOnlyForDeploymentPostprocessing = 0;
		};
		5DFC49772D44ABB900501E2B /* Frameworks */ = {
			isa = PBXFrameworksBuildPhase;
			buildActionMask = 2147483647;
			files = (
			);
			runOnlyForDeploymentPostprocessing = 0;
		};
		5DFC49812D44ABB900501E2B /* Frameworks */ = {
			isa = PBXFrameworksBuildPhase;
			buildActionMask = 2147483647;
			files = (
			);
			runOnlyForDeploymentPostprocessing = 0;
		};
/* End PBXFrameworksBuildPhase section */

/* Begin PBXGroup section */
		5DFC495E2D44ABB800501E2B = {
			isa = PBXGroup;
			children = (
				5DFC49692D44ABB800501E2B /* RunningAppDisplay */,
				5DFC497D2D44ABB900501E2B /* RunningAppDisplayTests */,
				5DFC49872D44ABB900501E2B /* RunningAppDisplayUITests */,
				5DFC49682D44ABB800501E2B /* Products */,
			);
			sourceTree = "<group>";
		};
		5DFC49682D44ABB800501E2B /* Products */ = {
			isa = PBXGroup;
			children = (
				5DFC49672D44ABB800501E2B /* RunningAppDisplay.app */,
				5DFC497A2D44ABB900501E2B /* RunningAppDisplayTests.xctest */,
				5DFC49842D44ABB900501E2B /* RunningAppDisplayUITests.xctest */,
			);
			name = Products;
			sourceTree = "<group>";
		};
/* End PBXGroup section */

/* Begin PBXNativeTarget section */
		5DFC49662D44ABB800501E2B /* RunningAppDisplay */ = {
			isa = PBXNativeTarget;
			buildConfigurationList = 5DFC498E2D44ABB900501E2B /* Build configuration list for PBXNativeTarget "RunningAppDisplay" */;
			buildPhases = (
				5DFC49632D44ABB800501E2B /* Sources */,
				5DFC49642D44ABB800501E2B /* Frameworks */,
				5DFC49652D44ABB800501E2B /* Resources */,
			);
			buildRules = (
			);
			dependencies = (
			);
			fileSystemSynchronizedGroups = (
				5DFC49692D44ABB800501E2B /* RunningAppDisplay */,
			);
			name = RunningAppDisplay;
			packageProductDependencies = (
			);
			productName = RunningAppDisplay;
			productReference = 5DFC49672D44ABB800501E2B /* RunningAppDisplay.app */;
			productType = "com.apple.product-type.application";
		};
		5DFC49792D44ABB900501E2B /* RunningAppDisplayTests */ = {
			isa = PBXNativeTarget;
			buildConfigurationList = 5DFC49912D44ABB900501E2B /* Build configuration list for PBXNativeTarget "RunningAppDisplayTests" */;
			buildPhases = (
				5DFC49762D44ABB900501E2B /* Sources */,
				5DFC49772D44ABB900501E2B /* Frameworks */,
				5DFC49782D44ABB900501E2B /* Resources */,
			);
			buildRules = (
			);
			dependencies = (
				5DFC497C2D44ABB900501E2B /* PBXTargetDependency */,
			);
			fileSystemSynchronizedGroups = (
				5DFC497D2D44ABB900501E2B /* RunningAppDisplayTests */,
			);
			name = RunningAppDisplayTests;
			packageProductDependencies = (
			);
			productName = RunningAppDisplayTests;
			productReference = 5DFC497A2D44ABB900501E2B /* RunningAppDisplayTests.xctest */;
			productType = "com.apple.product-type.bundle.unit-test";
		};
		5DFC49832D44ABB900501E2B /* RunningAppDisplayUITests */ = {
			isa = PBXNativeTarget;
			buildConfigurationList = 5DFC49942D44ABB900501E2B /* Build configuration list for PBXNativeTarget "RunningAppDisplayUITests" */;
			buildPhases = (
				5DFC49802D44ABB900501E2B /* Sources */,
				5DFC49812D44ABB900501E2B /* Frameworks */,
				5DFC49822D44ABB900501E2B /* Resources */,
			);
			buildRules = (
			);
			dependencies = (
				5DFC49862D44ABB900501E2B /* PBXTargetDependency */,
			);
			fileSystemSynchronizedGroups = (
				5DFC49872D44ABB900501E2B /* RunningAppDisplayUITests */,
			);
			name = RunningAppDisplayUITests;
			packageProductDependencies = (
			);
			productName = RunningAppDisplayUITests;
			productReference = 5DFC49842D44ABB900501E2B /* RunningAppDisplayUITests.xctest */;
			productType = "com.apple.product-type.bundle.ui-testing";
		};
/* End PBXNativeTarget section */

/* Begin PBXProject section */
		5DFC495F2D44ABB800501E2B /* Project object */ = {
			isa = PBXProject;
			attributes = {
				BuildIndependentTargetsInParallel = 1;
				LastSwiftUpdateCheck = 1620;
				LastUpgradeCheck = 1620;
				TargetAttributes = {
					5DFC49662D44ABB800501E2B = {
						CreatedOnToolsVersion = 16.2;
					};
					5DFC49792D44ABB900501E2B = {
						CreatedOnToolsVersion = 16.2;
						TestTargetID = 5DFC49662D44ABB800501E2B;
					};
					5DFC49832D44ABB900501E2B = {
						CreatedOnToolsVersion = 16.2;
						TestTargetID = 5DFC49662D44ABB800501E2B;
					};
				};
			};
			buildConfigurationList = 5DFC49622D44ABB800501E2B /* Build configuration list for PBXProject "RunningAppDisplay" */;
			developmentRegion = en;
			hasScannedForEncodings = 0;
			knownRegions = (
				en,
				Base,
			);
			mainGroup = 5DFC495E2D44ABB800501E2B;
			minimizedProjectReferenceProxies = 1;
			preferredProjectObjectVersion = 77;
			productRefGroup = 5DFC49682D44ABB800501E2B /* Products */;
			projectDirPath = "";
			projectRoot = "";
			targets = (
				5DFC49662D44ABB800501E2B /* RunningAppDisplay */,
				5DFC49792D44ABB900501E2B /* RunningAppDisplayTests */,
				5DFC49832D44ABB900501E2B /* RunningAppDisplayUITests */,
			);
		};
/* End PBXProject section */

/* Begin PBXResourcesBuildPhase section */
		5DFC49652D44ABB800501E2B /* Resources */ = {
			isa = PBXResourcesBuildPhase;
			buildActionMask = 2147483647;
			files = (
			);
			runOnlyForDeploymentPostprocessing = 0;
		};
		5DFC49782D44ABB900501E2B /* Resources */ = {
			isa = PBXResourcesBuildPhase;
			buildActionMask = 2147483647;
			files = (
			);
			runOnlyForDeploymentPostprocessing = 0;
		};
		5DFC49822D44ABB900501E2B /* Resources */ = {
			isa = PBXResourcesBuildPhase;
			buildActionMask = 2147483647;
			files = (
			);
			runOnlyForDeploymentPostprocessing = 0;
		};
/* End PBXResourcesBuildPhase section */

/* Begin PBXSourcesBuildPhase section */
		5DFC49632D44ABB800501E2B /* Sources */ = {
			isa = PBXSourcesBuildPhase;
			buildActionMask = 2147483647;
			files = (
			);
			runOnlyForDeploymentPostprocessing = 0;
		};
		5DFC49762D44ABB900501E2B /* Sources */ = {
			isa = PBXSourcesBuildPhase;
			buildActionMask = 2147483647;
			files = (
			);
			runOnlyForDeploymentPostprocessing = 0;
		};
		5DFC49802D44ABB900501E2B /* Sources */ = {
			isa = PBXSourcesBuildPhase;
			buildActionMask = 2147483647;
			files = (
			);
			runOnlyForDeploymentPostprocessing = 0;
		};
/* End PBXSourcesBuildPhase section */

/* Begin PBXTargetDependency section */
		5DFC497C2D44ABB900501E2B /* PBXTargetDependency */ = {
			isa = PBXTargetDependency;
			target = 5DFC49662D44ABB800501E2B /* RunningAppDisplay */;
			targetProxy = 5DFC497B2D44ABB900501E2B /* PBXContainerItemProxy */;
		};
		5DFC49862D44ABB900501E2B /* PBXTargetDependency */ = {
			isa = PBXTargetDependency;
			target = 5DFC49662D44ABB800501E2B /* RunningAppDisplay */;
			targetProxy = 5DFC49852D44ABB900501E2B /* PBXContainerItemProxy */;
		};
/* End PBXTargetDependency section */

/* Begin XCBuildConfiguration section */
		5DFC498C2D44ABB900501E2B /* Debug */ = {
			isa = XCBuildConfiguration;
			buildSettings = {
				ALWAYS_SEARCH_USER_PATHS = NO;
				ASSETCATALOG_COMPILER_GENERATE_SWIFT_ASSET_SYMBOL_EXTENSIONS = YES;
				CLANG_ANALYZER_NONNULL = YES;
				CLANG_ANALYZER_NUMBER_OBJECT_CONVERSION = YES_AGGRESSIVE;
				CLANG_CXX_LANGUAGE_STANDARD = "gnu++20";
				CLANG_ENABLE_MODULES = YES;
				CLANG_ENABLE_OBJC_ARC = YES;
				CLANG_ENABLE_OBJC_WEAK = YES;
				CLANG_WARN_BLOCK_CAPTURE_AUTORELEASING = YES;
				CLANG_WARN_BOOL_CONVERSION = YES;
				CLANG_WARN_COMMA = YES;
				CLANG_WARN_CONSTANT_CONVERSION = YES;
				CLANG_WARN_DEPRECATED_OBJC_IMPLEMENTATIONS = YES;
				CLANG_WARN_DIRECT_OBJC_ISA_USAGE = YES_ERROR;
				CLANG_WARN_DOCUMENTATION_COMMENTS = YES;
				CLANG_WARN_EMPTY_BODY = YES;
				CLANG_WARN_ENUM_CONVERSION = YES;
				CLANG_WARN_INFINITE_RECURSION = YES;
				CLANG_WARN_INT_CONVERSION = YES;
				CLANG_WARN_NON_LITERAL_NULL_CONVERSION = YES;
				CLANG_WARN_OBJC_IMPLICIT_RETAIN_SELF = YES;
				CLANG_WARN_OBJC_LITERAL_CONVERSION = YES;
				CLANG_WARN_OBJC_ROOT_CLASS = YES_ERROR;
				CLANG_WARN_QUOTED_INCLUDE_IN_FRAMEWORK_HEADER = YES;
				CLANG_WARN_RANGE_LOOP_ANALYSIS = YES;
				CLANG_WARN_STRICT_PROTOTYPES = YES;
				CLANG_WARN_SUSPICIOUS_MOVE = YES;
				CLANG_WARN_UNGUARDED_AVAILABILITY = YES_AGGRESSIVE;
				CLANG_WARN_UNREACHABLE_CODE = YES;
				CLANG_WARN__DUPLICATE_METHOD_MATCH = YES;
				COPY_PHASE_STRIP = NO;
				DEBUG_INFORMATION_FORMAT = dwarf;
				ENABLE_STRICT_OBJC_MSGSEND = YES;
				ENABLE_TESTABILITY = YES;
				ENABLE_USER_SCRIPT_SANDBOXING = YES;
				GCC_C_LANGUAGE_STANDARD = gnu17;
				GCC_DYNAMIC_NO_PIC = NO;
				GCC_NO_COMMON_BLOCKS = YES;
				GCC_OPTIMIZATION_LEVEL = 0;
				GCC_PREPROCESSOR_DEFINITIONS = (
					"DEBUG=1",
					"$(inherited)",
				);
				GCC_WARN_64_TO_32_BIT_CONVERSION = YES;
				GCC_WARN_ABOUT_RETURN_TYPE = YES_ERROR;
				GCC_WARN_UNDECLARED_SELECTOR = YES;
				GCC_WARN_UNINITIALIZED_AUTOS = YES_AGGRESSIVE;
				GCC_WARN_UNUSED_FUNCTION = YES;
				GCC_WARN_UNUSED_VARIABLE = YES;
				LOCALIZATION_PREFERS_STRING_CATALOGS = YES;
				MACOSX_DEPLOYMENT_TARGET = 15.1;
				MTL_ENABLE_DEBUG_INFO = INCLUDE_SOURCE;
				MTL_FAST_MATH = YES;
				ONLY_ACTIVE_ARCH = YES;
				SDKROOT = macosx;
				SWIFT_ACTIVE_COMPILATION_CONDITIONS = "DEBUG $(inherited)";
				SWIFT_OPTIMIZATION_LEVEL = "-Onone";
			};
			name = Debug;
		};
		5DFC498D2D44ABB900501E2B /* Release */ = {
			isa = XCBuildConfiguration;
			buildSettings = {
				ALWAYS_SEARCH_USER_PATHS = NO;
				ASSETCATALOG_COMPILER_GENERATE_SWIFT_ASSET_SYMBOL_EXTENSIONS = YES;
				CLANG_ANALYZER_NONNULL = YES;
				CLANG_ANALYZER_NUMBER_OBJECT_CONVERSION = YES_AGGRESSIVE;
				CLANG_CXX_LANGUAGE_STANDARD = "gnu++20";
				CLANG_ENABLE_MODULES = YES;
				CLANG_ENABLE_OBJC_ARC = YES;
				CLANG_ENABLE_OBJC_WEAK = YES;
				CLANG_WARN_BLOCK_CAPTURE_AUTORELEASING = YES;
				CLANG_WARN_BOOL_CONVERSION = YES;
				CLANG_WARN_COMMA = YES;
				CLANG_WARN_CONSTANT_CONVERSION = YES;
				CLANG_WARN_DEPRECATED_OBJC_IMPLEMENTATIONS = YES;
				CLANG_WARN_DIRECT_OBJC_ISA_USAGE = YES_ERROR;
				CLANG_WARN_DOCUMENTATION_COMMENTS = YES;
				CLANG_WARN_EMPTY_BODY = YES;
				CLANG_WARN_ENUM_CONVERSION = YES;
				CLANG_WARN_INFINITE_RECURSION = YES;
				CLANG_WARN_INT_CONVERSION = YES;
				CLANG_WARN_NON_LITERAL_NULL_CONVERSION = YES;
				CLANG_WARN_OBJC_IMPLICIT_RETAIN_SELF = YES;
				CLANG_WARN_OBJC_LITERAL_CONVERSION = YES;
				CLANG_WARN_OBJC_ROOT_CLASS = YES_ERROR;
				CLANG_WARN_QUOTED_INCLUDE_IN_FRAMEWORK_HEADER = YES;
				CLANG_WARN_RANGE_LOOP_ANALYSIS = YES;
				CLANG_WARN_STRICT_PROTOTYPES = YES;
				CLANG_WARN_SUSPICIOUS_MOVE = YES;
				CLANG_WARN_UNGUARDED_AVAILABILITY = YES_AGGRESSIVE;
				CLANG_WARN_UNREACHABLE_CODE = YES;
				CLANG_WARN__DUPLICATE_METHOD_MATCH = YES;
				COPY_PHASE_STRIP = NO;
				DEBUG_INFORMATION_FORMAT = "dwarf-with-dsym";
				ENABLE_NS_ASSERTIONS = NO;
				ENABLE_STRICT_OBJC_MSGSEND = YES;
				ENABLE_USER_SCRIPT_SANDBOXING = YES;
				GCC_C_LANGUAGE_STANDARD = gnu17;
				GCC_NO_COMMON_BLOCKS = YES;
				GCC_WARN_64_TO_32_BIT_CONVERSION = YES;
				GCC_WARN_ABOUT_RETURN_TYPE = YES_ERROR;
				GCC_WARN_UNDECLARED_SELECTOR = YES;
				GCC_WARN_UNINITIALIZED_AUTOS = YES_AGGRESSIVE;
				GCC_WARN_UNUSED_FUNCTION = YES;
				GCC_WARN_UNUSED_VARIABLE = YES;
				LOCALIZATION_PREFERS_STRING_CATALOGS = YES;
				MACOSX_DEPLOYMENT_TARGET = 15.1;
				MTL_ENABLE_DEBUG_INFO = NO;
				MTL_FAST_MATH = YES;
				SDKROOT = macosx;
				SWIFT_COMPILATION_MODE = wholemodule;
			};
			name = Release;
		};
		5DFC498F2D44ABB900501E2B /* Debug */ = {
			isa = XCBuildConfiguration;
			buildSettings = {
				ASSETCATALOG_COMPILER_APPICON_NAME = AppIcon;
				ASSETCATALOG_COMPILER_GLOBAL_ACCENT_COLOR_NAME = AccentColor;
				CODE_SIGN_ENTITLEMENTS = RunningAppDisplay/RunningAppDisplay.entitlements;
				CODE_SIGN_IDENTITY = "Apple Development";
				"CODE_SIGN_IDENTITY[sdk=macosx*]" = "Apple Development";
				CODE_SIGN_STYLE = Automatic;
				COMBINE_HIDPI_IMAGES = YES;
				CURRENT_PROJECT_VERSION = 1;
				DEVELOPMENT_ASSET_PATHS = "\"RunningAppDisplay/Preview Content\"";
				DEVELOPMENT_TEAM = 2AHW7AL5VC;
				ENABLE_HARDENED_RUNTIME = YES;
				ENABLE_PREVIEWS = YES;
				GENERATE_INFOPLIST_FILE = YES;
				INFOPLIST_KEY_NSHumanReadableCopyright = "";
				LD_RUNPATH_SEARCH_PATHS = (
					"$(inherited)",
					"@executable_path/../Frameworks",
				);
				MACOSX_DEPLOYMENT_TARGET = 14.0;
				MARKETING_VERSION = 1.0;
				PRODUCT_BUNDLE_IDENTIFIER = joel.RunningAppDisplay;
				PRODUCT_NAME = "$(TARGET_NAME)";
				PROVISIONING_PROFILE_SPECIFIER = "";
				SWIFT_EMIT_LOC_STRINGS = YES;
				SWIFT_VERSION = 5.0;
			};
			name = Debug;
		};
		5DFC49902D44ABB900501E2B /* Release */ = {
			isa = XCBuildConfiguration;
			buildSettings = {
				ASSETCATALOG_COMPILER_APPICON_NAME = AppIcon;
				ASSETCATALOG_COMPILER_GLOBAL_ACCENT_COLOR_NAME = AccentColor;
				CODE_SIGN_ENTITLEMENTS = RunningAppDisplay/RunningAppDisplay.entitlements;
				CODE_SIGN_IDENTITY = "Apple Development";
				"CODE_SIGN_IDENTITY[sdk=macosx*]" = "Apple Development";
				CODE_SIGN_STYLE = Automatic;
				COMBINE_HIDPI_IMAGES = YES;
				CURRENT_PROJECT_VERSION = 1;
				DEVELOPMENT_ASSET_PATHS = "\"RunningAppDisplay/Preview Content\"";
				DEVELOPMENT_TEAM = 2AHW7AL5VC;
				ENABLE_HARDENED_RUNTIME = YES;
				ENABLE_PREVIEWS = YES;
				GENERATE_INFOPLIST_FILE = YES;
				INFOPLIST_KEY_NSHumanReadableCopyright = "";
				LD_RUNPATH_SEARCH_PATHS = (
					"$(inherited)",
					"@executable_path/../Frameworks",
				);
				MACOSX_DEPLOYMENT_TARGET = 14.0;
				MARKETING_VERSION = 1.0;
				PRODUCT_BUNDLE_IDENTIFIER = joel.RunningAppDisplay;
				PRODUCT_NAME = "$(TARGET_NAME)";
				PROVISIONING_PROFILE_SPECIFIER = "";
				SWIFT_EMIT_LOC_STRINGS = YES;
				SWIFT_VERSION = 5.0;
			};
			name = Release;
		};
		5DFC49922D44ABB900501E2B /* Debug */ = {
			isa = XCBuildConfiguration;
			buildSettings = {
				BUNDLE_LOADER = "$(TEST_HOST)";
				CODE_SIGN_STYLE = Automatic;
				CURRENT_PROJECT_VERSION = 1;
				DEVELOPMENT_TEAM = 2AHW7AL5VC;
				GENERATE_INFOPLIST_FILE = YES;
				MACOSX_DEPLOYMENT_TARGET = 14.0;
				MARKETING_VERSION = 1.0;
				PRODUCT_BUNDLE_IDENTIFIER = joel.RunningAppDisplayTests;
				PRODUCT_NAME = "$(TARGET_NAME)";
				SWIFT_EMIT_LOC_STRINGS = NO;
				SWIFT_VERSION = 5.0;
				TEST_HOST = "$(BUILT_PRODUCTS_DIR)/RunningAppDisplay.app/$(BUNDLE_EXECUTABLE_FOLDER_PATH)/RunningAppDisplay";
			};
			name = Debug;
		};
		5DFC49932D44ABB900501E2B /* Release */ = {
			isa = XCBuildConfiguration;
			buildSettings = {
				BUNDLE_LOADER = "$(TEST_HOST)";
				CODE_SIGN_STYLE = Automatic;
				CURRENT_PROJECT_VERSION = 1;
				DEVELOPMENT_TEAM = 2AHW7AL5VC;
				GENERATE_INFOPLIST_FILE = YES;
				MACOSX_DEPLOYMENT_TARGET = 14.0;
				MARKETING_VERSION = 1.0;
				PRODUCT_BUNDLE_IDENTIFIER = joel.RunningAppDisplayTests;
				PRODUCT_NAME = "$(TARGET_NAME)";
				SWIFT_EMIT_LOC_STRINGS = NO;
				SWIFT_VERSION = 5.0;
				TEST_HOST = "$(BUILT_PRODUCTS_DIR)/RunningAppDisplay.app/$(BUNDLE_EXECUTABLE_FOLDER_PATH)/RunningAppDisplay";
			};
			name = Release;
		};
		5DFC49952D44ABB900501E2B /* Debug */ = {
			isa = XCBuildConfiguration;
			buildSettings = {
				CODE_SIGN_STYLE = Automatic;
				CURRENT_PROJECT_VERSION = 1;
				DEVELOPMENT_TEAM = 2AHW7AL5VC;
				GENERATE_INFOPLIST_FILE = YES;
				MARKETING_VERSION = 1.0;
				PRODUCT_BUNDLE_IDENTIFIER = joel.RunningAppDisplayUITests;
				PRODUCT_NAME = "$(TARGET_NAME)";
				SWIFT_EMIT_LOC_STRINGS = NO;
				SWIFT_VERSION = 5.0;
				TEST_TARGET_NAME = RunningAppDisplay;
			};
			name = Debug;
		};
		5DFC49962D44ABB900501E2B /* Release */ = {
			isa = XCBuildConfiguration;
			buildSettings = {
				CODE_SIGN_STYLE = Automatic;
				CURRENT_PROJECT_VERSION = 1;
				DEVELOPMENT_TEAM = 2AHW7AL5VC;
				GENERATE_INFOPLIST_FILE = YES;
				MARKETING_VERSION = 1.0;
				PRODUCT_BUNDLE_IDENTIFIER = joel.RunningAppDisplayUITests;
				PRODUCT_NAME = "$(TARGET_NAME)";
				SWIFT_EMIT_LOC_STRINGS = NO;
				SWIFT_VERSION = 5.0;
				TEST_TARGET_NAME = RunningAppDisplay;
			};
			name = Release;
		};
/* End XCBuildConfiguration section */

/* Begin XCConfigurationList section */
		5DFC49622D44ABB800501E2B /* Build configuration list for PBXProject "RunningAppDisplay" */ = {
			isa = XCConfigurationList;
			buildConfigurations = (
				5DFC498C2D44ABB900501E2B /* Debug */,
				5DFC498D2D44ABB900501E2B /* Release */,
			);
			defaultConfigurationIsVisible = 0;
			defaultConfigurationName = Release;
		};
		5DFC498E2D44ABB900501E2B /* Build configuration list for PBXNativeTarget "RunningAppDisplay" */ = {
			isa = XCConfigurationList;
			buildConfigurations = (
				5DFC498F2D44ABB900501E2B /* Debug */,
				5DFC49902D44ABB900501E2B /* Release */,
			);
			defaultConfigurationIsVisible = 0;
			defaultConfigurationName = Release;
		};
		5DFC49912D44ABB900501E2B /* Build configuration list for PBXNativeTarget "RunningAppDisplayTests" */ = {
			isa = XCConfigurationList;
			buildConfigurations = (
				5DFC49922D44ABB900501E2B /* Debug */,
				5DFC49932D44ABB900501E2B /* Release */,
			);
			defaultConfigurationIsVisible = 0;
			defaultConfigurationName = Release;
		};
		5DFC49942D44ABB900501E2B /* Build configuration list for PBXNativeTarget "RunningAppDisplayUITests" */ = {
			isa = XCConfigurationList;
			buildConfigurations = (
				5DFC49952D44ABB900501E2B /* Debug */,
				5DFC49962D44ABB900501E2B /* Release */,
			);
			defaultConfigurationIsVisible = 0;
			defaultConfigurationName = Release;
		};
/* End XCConfigurationList section */
	};
	rootObject = 5DFC495F2D44ABB800501E2B /* Project object */;
}
